%{"decimal": {:hex, :decimal, "1.1.2", "79a769d4657b2d537b51ef3c02d29ab7141d2b486b516c109642d453ee08e00c", [:mix], []},
  "earmark": {:hex, :earmark, "0.2.1", "ba6d26ceb16106d069b289df66751734802777a3cbb6787026dd800ffeb850f3", [:mix], []},
  "ecto": {:hex, :ecto, "2.0.0-rc.5", "a95184a260edb89669be7746b3b270725ce6940e378b05d19df82eecf52544cb", [:mix], [{:sbroker, "~> 0.7", [hex: :sbroker, optional: true]}, {:postgrex, "~> 0.11.1", [hex: :postgrex, optional: true]}, {:poolboy, "~> 1.5", [hex: :poolboy, optional: false]}, {:poison, "~> 1.5 or ~> 2.0", [hex: :poison, optional: true]}, {:mariaex, "~> 0.7.1", [hex: :mariaex, optional: true]}, {:decimal, "~> 1.0", [hex: :decimal, optional: false]}]},
  "ex_doc": {:hex, :ex_doc, "0.11.4", "a064bdb720594c3745b94709b17ffb834fd858b4e0c1f48f37c0d92700759e02", [:mix], [{:earmark, "~> 0.1.17 or ~> 0.2", [hex: :earmark, optional: true]}]},
  "graphql": {:hex, :graphql, "0.2.0", "9cf0591877250718f2eaf051fc1f6677b9c03bb72d52856e5feec55db9f9da68", [:mix], []},
  "poolboy": {:hex, :poolboy, "1.5.1", "6b46163901cfd0a1b43d692657ed9d7e599853b3b21b95ae5ae0a777cf9b6ca8", [:rebar], []}}
